
Microsoft Visual Studio Solution File, Format Version 12.00
# Visual Studio Version 16
VisualStudioVersion = 16.0.29418.71
MinimumVisualStudioVersion = 10.0.40219.1
Project("{FAE04EC0-301F-11D3-BF4B-00C04F79EFBC}") = "CSharpChapter6", "CSharpChapter6\CSharpChapter6.csproj", "{FB75511B-12AB-4040-B3B2-FA725CA21620}"
EndProject
Global
	GlobalSection(SolutionConfigurationPlatforms) = preSolution
		Debug|Any CPU = Debug|Any CPU
		Release|Any CPU = Release|Any CPU
	EndGlobalSection
	GlobalSection(ProjectConfigurationPlatforms) = postSolution
		{FB75511B-12AB-4040-B3B2-FA725CA21620}.Debug|Any CPU.ActiveCfg = Debug|Any CPU
		{FB75511B-12AB-4040-B3B2-FA725CA21620}.Debug|Any CPU.Build.0 = Debug|Any CPU
		{FB75511B-12AB-4040-B3B2-FA725CA21620}.Release|Any CPU.ActiveCfg = Release|Any CPU
		{FB75511B-12AB-4040-B3B2-FA725CA21620}.Release|Any CPU.Build.0 = Release|Any CPU
	EndGlobalSection
	GlobalSection(SolutionProperties) = preSolution
		HideSolutionNode = FALSE
	EndGlobalSection
	GlobalSection(ExtensibilityGlobals) = postSolution
		SolutionGuid = {2C5A8C2E-9137-46B0-8F9C-F21F5122E819}
	EndGlobalSection
EndGlobal
