
Microsoft Visual Studio Solution File, Format Version 12.00
# Visual Studio Version 16
VisualStudioVersion = 16.0.29418.71
MinimumVisualStudioVersion = 10.0.40219.1
Project("{FAE04EC0-301F-11D3-BF4B-00C04F79EFBC}") = "ConsoleApp1", "ConsoleApp1\ConsoleApp1.csproj", "{0C194833-021C-41C8-8326-A6E9E31EB770}"
EndProject
Global
	GlobalSection(SolutionConfigurationPlatforms) = preSolution
		Debug|Any CPU = Debug|Any CPU
		Release|Any CPU = Release|Any CPU
	EndGlobalSection
	GlobalSection(ProjectConfigurationPlatforms) = postSolution
		{0C194833-021C-41C8-8326-A6E9E31EB770}.Debug|Any CPU.ActiveCfg = Debug|Any CPU
		{0C194833-021C-41C8-8326-A6E9E31EB770}.Debug|Any CPU.Build.0 = Debug|Any CPU
		{0C194833-021C-41C8-8326-A6E9E31EB770}.Release|Any CPU.ActiveCfg = Release|Any CPU
		{0C194833-021C-41C8-8326-A6E9E31EB770}.Release|Any CPU.Build.0 = Release|Any CPU
	EndGlobalSection
	GlobalSection(SolutionProperties) = preSolution
		HideSolutionNode = FALSE
	EndGlobalSection
	GlobalSection(ExtensibilityGlobals) = postSolution
		SolutionGuid = {59D33695-71C6-4EC5-8F75-5BF72948C299}
	EndGlobalSection
EndGlobal
