
Microsoft Visual Studio Solution File, Format Version 12.00
# Visual Studio Version 16
VisualStudioVersion = 16.0.29609.76
MinimumVisualStudioVersion = 10.0.40219.1
Project("{FAE04EC0-301F-11D3-BF4B-00C04F79EFBC}") = "CSharpChaper11", "CSharpChaper11\CSharpChaper11.csproj", "{F272E266-627C-4B92-8D11-EB64DA030623}"
EndProject
Global
	GlobalSection(SolutionConfigurationPlatforms) = preSolution
		Debug|Any CPU = Debug|Any CPU
		Release|Any CPU = Release|Any CPU
	EndGlobalSection
	GlobalSection(ProjectConfigurationPlatforms) = postSolution
		{F272E266-627C-4B92-8D11-EB64DA030623}.Debug|Any CPU.ActiveCfg = Debug|Any CPU
		{F272E266-627C-4B92-8D11-EB64DA030623}.Debug|Any CPU.Build.0 = Debug|Any CPU
		{F272E266-627C-4B92-8D11-EB64DA030623}.Release|Any CPU.ActiveCfg = Release|Any CPU
		{F272E266-627C-4B92-8D11-EB64DA030623}.Release|Any CPU.Build.0 = Release|Any CPU
	EndGlobalSection
	GlobalSection(SolutionProperties) = preSolution
		HideSolutionNode = FALSE
	EndGlobalSection
	GlobalSection(ExtensibilityGlobals) = postSolution
		SolutionGuid = {DBB3E337-F529-477F-8611-C2C6FA55C851}
	EndGlobalSection
EndGlobal
